# generated by rye
# use `rye lock` or `rye sync` to update this lockfile
#
# last locked with the following flags:
#   pre: false
#   features: []
#   all-features: false
#   with-sources: false
#   generate-hashes: false

-e file:.
alembic==1.13.1
    # via dagster
aniso8601==9.0.1
    # via graphene
annotated-types==0.7.0
    # via pydantic
anyio==4.4.0
    # via gql
    # via starlette
    # via watchfiles
attrs==23.2.0
    # via fiona
backoff==2.2.1
    # via gql
certifi==2024.2.2
    # via fiona
    # via pyproj
    # via requests
cffi==1.16.0
    # via cryptography
charset-normalizer==3.3.2
    # via requests
click==8.1.7
    # via click-plugins
    # via cligj
    # via dagster
    # via dagster-webserver
    # via fiona
    # via typer
    # via uvicorn
click-plugins==1.1.1
    # via fiona
cligj==0.7.2
    # via fiona
coloredlogs==14.0
    # via dagster
croniter==2.0.5
    # via dagster
cryptography==42.0.7
    # via pyjwt
dagster==1.7.8
    # via dagster-cloud
    # via dagster-cloud-cli
    # via dagster-duckdb
    # via dagster-graphql
    # via dagster-university
    # via dagster-webserver
dagster-cloud==1.7.8
    # via dagster-university
dagster-cloud-cli==1.7.8
    # via dagster-cloud
dagster-duckdb==0.23.8
    # via dagster-university
dagster-graphql==1.7.8
    # via dagster-webserver
dagster-pipes==1.7.8
    # via dagster
dagster-webserver==1.7.8
    # via dagster-university
docstring-parser==0.16
    # via dagster
duckdb==0.10.3
    # via dagster-duckdb
filelock==3.14.0
    # via dagster
fiona==1.9.6
    # via geopandas
fsspec==2024.5.0
    # via universal-pathlib
geopandas==0.14.4
    # via dagster-university
github3-py==4.0.1
    # via dagster-cloud-cli
gql==3.5.0
    # via dagster-graphql
graphene==3.3
    # via dagster-graphql
graphql-core==3.2.3
    # via gql
    # via graphene
    # via graphql-relay
graphql-relay==3.2.0
    # via graphene
grpcio==1.64.0
    # via dagster
    # via grpcio-health-checking
grpcio-health-checking==1.62.2
    # via dagster
h11==0.14.0
    # via uvicorn
httptools==0.6.1
    # via uvicorn
humanfriendly==10.0
    # via coloredlogs
idna==3.7
    # via anyio
    # via requests
    # via yarl
iniconfig==2.0.0
    # via pytest
jinja2==3.1.4
    # via dagster
kaleido==0.2.1
    # via dagster-university
mako==1.3.5
    # via alembic
markdown-it-py==3.0.0
    # via rich
markupsafe==2.1.5
    # via jinja2
    # via mako
mdurl==0.1.2
    # via markdown-it-py
multidict==6.0.5
    # via yarl
numpy==1.26.4
    # via geopandas
    # via pandas
    # via shapely
packaging==24.0
    # via dagster
    # via dagster-cloud-cli
    # via geopandas
    # via plotly
    # via pytest
pandas==2.2.2
    # via dagster-university
    # via geopandas
pendulum==3.0.0
    # via dagster
pex==2.3.1
    # via dagster-cloud
plotly==5.22.0
    # via dagster-university
pluggy==1.5.0
    # via pytest
prompt-toolkit==3.0.36
    # via questionary
protobuf==4.25.3
    # via dagster
    # via grpcio-health-checking
pycparser==2.22
    # via cffi
pydantic==2.7.2
    # via dagster
pydantic-core==2.18.3
    # via pydantic
pygments==2.18.0
    # via rich
pyjwt==2.8.0
    # via github3-py
pyproj==3.6.1
    # via geopandas
pytest==8.2.1
    # via dagster-university
python-dateutil==2.9.0.post0
    # via croniter
    # via dagster
    # via github3-py
    # via pandas
    # via pendulum
    # via time-machine
python-dotenv==1.0.1
    # via dagster
    # via uvicorn
pytz==2024.1
    # via croniter
    # via dagster
    # via pandas
pyyaml==6.0.1
    # via dagster
    # via dagster-cloud-cli
    # via uvicorn
questionary==2.0.1
    # via dagster-cloud
    # via dagster-cloud-cli
requests==2.32.3
    # via dagster
    # via dagster-cloud
    # via dagster-cloud-cli
    # via dagster-graphql
    # via github3-py
    # via gql
    # via requests-toolbelt
requests-toolbelt==1.0.0
    # via gql
rich==13.7.1
    # via dagster
    # via typer
setuptools==70.0.0
    # via dagster
shapely==2.0.4
    # via dagster-university
    # via geopandas
shellingham==1.5.4
    # via typer
six==1.16.0
    # via fiona
    # via python-dateutil
sniffio==1.3.1
    # via anyio
sqlalchemy==2.0.30
    # via alembic
    # via dagster
starlette==0.37.2
    # via dagster-graphql
    # via dagster-webserver
structlog==24.2.0
    # via dagster
tabulate==0.9.0
    # via dagster
tenacity==8.3.0
    # via plotly
time-machine==2.14.1
    # via pendulum
tomli==2.0.1
    # via dagster
toposort==1.10
    # via dagster
tqdm==4.66.4
    # via dagster
typer==0.12.3
    # via dagster-cloud
    # via dagster-cloud-cli
typing-extensions==4.12.0
    # via alembic
    # via dagster
    # via pydantic
    # via pydantic-core
    # via sqlalchemy
    # via typer
tzdata==2024.1
    # via pandas
    # via pendulum
universal-pathlib==0.2.2
    # via dagster
uritemplate==4.1.1
    # via github3-py
urllib3==2.2.1
    # via requests
uvicorn==0.30.0
    # via dagster-webserver
uvloop==0.19.0
    # via uvicorn
watchdog==4.0.1
    # via dagster
watchfiles==0.22.0
    # via uvicorn
wcwidth==0.2.13
    # via prompt-toolkit
websockets==12.0
    # via uvicorn
yarl==1.9.4
    # via gql
